
Microsoft Visual Studio Solution File, Format Version 12.00
# Visual Studio Version 17
VisualStudioVersion = 17.0.31903.59
MinimumVisualStudioVersion = 10.0.40219.1
Project("{2150E333-8FDC-42A3-9474-1A3956D46DE8}") = "src", "src", "{827E0CD3-B72D-47B6-A68D-7590B98EB39B}"
EndProject
Project("{FAE04EC0-301F-11D3-BF4B-00C04F79EFBC}") = "ATLAS.Core", "src\ATLAS.Core\ATLAS.Core.csproj", "{24AAFC20-6580-47EF-BB20-307A210CD366}"
EndProject
Project("{FAE04EC0-301F-11D3-BF4B-00C04F79EFBC}") = "ATLAS.Storage", "src\ATLAS.Storage\ATLAS.Storage.csproj", "{8547B27E-8B61-4EFC-BF5F-3BC7BC8CB7F6}"
EndProject
Project("{2150E333-8FDC-42A3-9474-1A3956D46DE8}") = "tests", "tests", "{0AB3BF05-4346-4AA6-1389-037BE0695223}"
EndProject
Project("{FAE04EC0-301F-11D3-BF4B-00C04F79EFBC}") = "ATLAS.Core.Tests", "tests\ATLAS.Core.Tests\ATLAS.Core.Tests.csproj", "{D793481D-7FAC-4F93-8A88-36F0D3B8FFBA}"
EndProject
Project("{FAE04EC0-301F-11D3-BF4B-00C04F79EFBC}") = "ATLAS.UI", "src\ATLAS.UI\ATLAS.UI.csproj", "{1A717CF2-0019-448D-9A01-35F560DE0267}"
EndProject
Global
	GlobalSection(SolutionConfigurationPlatforms) = preSolution
		Debug|Any CPU = Debug|Any CPU
		Debug|x64 = Debug|x64
		Debug|x86 = Debug|x86
		Release|Any CPU = Release|Any CPU
		Release|x64 = Release|x64
		Release|x86 = Release|x86
	EndGlobalSection
	GlobalSection(ProjectConfigurationPlatforms) = postSolution
		{24AAFC20-6580-47EF-BB20-307A210CD366}.Debug|Any CPU.ActiveCfg = Debug|Any CPU
		{24AAFC20-6580-47EF-BB20-307A210CD366}.Debug|Any CPU.Build.0 = Debug|Any CPU
		{24AAFC20-6580-47EF-BB20-307A210CD366}.Debug|x64.ActiveCfg = Debug|Any CPU
		{24AAFC20-6580-47EF-BB20-307A210CD366}.Debug|x64.Build.0 = Debug|Any CPU
		{24AAFC20-6580-47EF-BB20-307A210CD366}.Debug|x86.ActiveCfg = Debug|Any CPU
		{24AAFC20-6580-47EF-BB20-307A210CD366}.Debug|x86.Build.0 = Debug|Any CPU
		{24AAFC20-6580-47EF-BB20-307A210CD366}.Release|Any CPU.ActiveCfg = Release|Any CPU
		{24AAFC20-6580-47EF-BB20-307A210CD366}.Release|Any CPU.Build.0 = Release|Any CPU
		{24AAFC20-6580-47EF-BB20-307A210CD366}.Release|x64.ActiveCfg = Release|Any CPU
		{24AAFC20-6580-47EF-BB20-307A210CD366}.Release|x64.Build.0 = Release|Any CPU
		{24AAFC20-6580-47EF-BB20-307A210CD366}.Release|x86.ActiveCfg = Release|Any CPU
		{24AAFC20-6580-47EF-BB20-307A210CD366}.Release|x86.Build.0 = Release|Any CPU
		{8547B27E-8B61-4EFC-BF5F-3BC7BC8CB7F6}.Debug|Any CPU.ActiveCfg = Debug|Any CPU
		{8547B27E-8B61-4EFC-BF5F-3BC7BC8CB7F6}.Debug|Any CPU.Build.0 = Debug|Any CPU
		{8547B27E-8B61-4EFC-BF5F-3BC7BC8CB7F6}.Debug|x64.ActiveCfg = Debug|Any CPU
		{8547B27E-8B61-4EFC-BF5F-3BC7BC8CB7F6}.Debug|x64.Build.0 = Debug|Any CPU
		{8547B27E-8B61-4EFC-BF5F-3BC7BC8CB7F6}.Debug|x86.ActiveCfg = Debug|Any CPU
		{8547B27E-8B61-4EFC-BF5F-3BC7BC8CB7F6}.Debug|x86.Build.0 = Debug|Any CPU
		{8547B27E-8B61-4EFC-BF5F-3BC7BC8CB7F6}.Release|Any CPU.ActiveCfg = Release|Any CPU
		{8547B27E-8B61-4EFC-BF5F-3BC7BC8CB7F6}.Release|Any CPU.Build.0 = Release|Any CPU
		{8547B27E-8B61-4EFC-BF5F-3BC7BC8CB7F6}.Release|x64.ActiveCfg = Release|Any CPU
		{8547B27E-8B61-4EFC-BF5F-3BC7BC8CB7F6}.Release|x64.Build.0 = Release|Any CPU
		{8547B27E-8B61-4EFC-BF5F-3BC7BC8CB7F6}.Release|x86.ActiveCfg = Release|Any CPU
		{8547B27E-8B61-4EFC-BF5F-3BC7BC8CB7F6}.Release|x86.Build.0 = Release|Any CPU
		{D793481D-7FAC-4F93-8A88-36F0D3B8FFBA}.Debug|Any CPU.ActiveCfg = Debug|Any CPU
		{D793481D-7FAC-4F93-8A88-36F0D3B8FFBA}.Debug|Any CPU.Build.0 = Debug|Any CPU
		{D793481D-7FAC-4F93-8A88-36F0D3B8FFBA}.Debug|x64.ActiveCfg = Debug|Any CPU
		{D793481D-7FAC-4F93-8A88-36F0D3B8FFBA}.Debug|x64.Build.0 = Debug|Any CPU
		{D793481D-7FAC-4F93-8A88-36F0D3B8FFBA}.Debug|x86.ActiveCfg = Debug|Any CPU
		{D793481D-7FAC-4F93-8A88-36F0D3B8FFBA}.Debug|x86.Build.0 = Debug|Any CPU
		{D793481D-7FAC-4F93-8A88-36F0D3B8FFBA}.Release|Any CPU.ActiveCfg = Release|Any CPU
		{D793481D-7FAC-4F93-8A88-36F0D3B8FFBA}.Release|Any CPU.Build.0 = Release|Any CPU
		{D793481D-7FAC-4F93-8A88-36F0D3B8FFBA}.Release|x64.ActiveCfg = Release|Any CPU
		{D793481D-7FAC-4F93-8A88-36F0D3B8FFBA}.Release|x64.Build.0 = Release|Any CPU
		{D793481D-7FAC-4F93-8A88-36F0D3B8FFBA}.Release|x86.ActiveCfg = Release|Any CPU
		{D793481D-7FAC-4F93-8A88-36F0D3B8FFBA}.Release|x86.Build.0 = Release|Any CPU
		{1A717CF2-0019-448D-9A01-35F560DE0267}.Debug|Any CPU.ActiveCfg = Debug|Any CPU
		{1A717CF2-0019-448D-9A01-35F560DE0267}.Debug|Any CPU.Build.0 = Debug|Any CPU
		{1A717CF2-0019-448D-9A01-35F560DE0267}.Debug|x64.ActiveCfg = Debug|Any CPU
		{1A717CF2-0019-448D-9A01-35F560DE0267}.Debug|x64.Build.0 = Debug|Any CPU
		{1A717CF2-0019-448D-9A01-35F560DE0267}.Debug|x86.ActiveCfg = Debug|Any CPU
		{1A717CF2-0019-448D-9A01-35F560DE0267}.Debug|x86.Build.0 = Debug|Any CPU
		{1A717CF2-0019-448D-9A01-35F560DE0267}.Release|Any CPU.ActiveCfg = Release|Any CPU
		{1A717CF2-0019-448D-9A01-35F560DE0267}.Release|Any CPU.Build.0 = Release|Any CPU
		{1A717CF2-0019-448D-9A01-35F560DE0267}.Release|x64.ActiveCfg = Release|Any CPU
		{1A717CF2-0019-448D-9A01-35F560DE0267}.Release|x64.Build.0 = Release|Any CPU
		{1A717CF2-0019-448D-9A01-35F560DE0267}.Release|x86.ActiveCfg = Release|Any CPU
		{1A717CF2-0019-448D-9A01-35F560DE0267}.Release|x86.Build.0 = Release|Any CPU
	EndGlobalSection
	GlobalSection(SolutionProperties) = preSolution
		HideSolutionNode = FALSE
	EndGlobalSection
	GlobalSection(NestedProjects) = preSolution
		{24AAFC20-6580-47EF-BB20-307A210CD366} = {827E0CD3-B72D-47B6-A68D-7590B98EB39B}
		{8547B27E-8B61-4EFC-BF5F-3BC7BC8CB7F6} = {827E0CD3-B72D-47B6-A68D-7590B98EB39B}
		{D793481D-7FAC-4F93-8A88-36F0D3B8FFBA} = {0AB3BF05-4346-4AA6-1389-037BE0695223}
		{1A717CF2-0019-448D-9A01-35F560DE0267} = {827E0CD3-B72D-47B6-A68D-7590B98EB39B}
	EndGlobalSection
EndGlobal
